// !$*UTF8*$!
{
	archiveVersion = 1;
	classes = {
	};
	objectVersion = 77;
	objects = {

/* Begin PBXBuildFile section */
		092A44FF2D89C00C00A9221F /* AnemllCore in Frameworks */ = {isa = PBXBuildFile; productRef = 092A44FE2D89C00C00A9221F /* AnemllCore */; };
		092A45022D89C04600A9221F /* AnemllCore in Frameworks */ = {isa = PBXBuildFile; productRef = 092A45012D89C04600A9221F /* AnemllCore */; };
		094506402D6A9A82000DCAB7 /* AnemllCore in Frameworks */ = {isa = PBXBuildFile; productRef = 0945063F2D6A9A82000DCAB7 /* AnemllCore */; };
		0961E5CE2D6D730500DF1803 /* AnemllCore in Frameworks */ = {isa = PBXBuildFile; productRef = 0961E5CB2D6D730500DF1803 /* AnemllCore */; };
		09EA69E12D6D809B00BFC06A /* AnemllCore in Frameworks */ = {isa = PBXBuildFile; productRef = 09EA69E02D6D809B00BFC06A /* AnemllCore */; };
		09EA6A272D6D98C900BFC06A /* ZIPFoundation in Frameworks */ = {isa = PBXBuildFile; productRef = 09EA6A262D6D98C900BFC06A /* ZIPFoundation */; };
/* End PBXBuildFile section */

/* Begin PBXContainerItemProxy section */
		0945060D2D6A94C5000DCAB7 /* PBXContainerItemProxy */ = {
			isa = PBXContainerItemProxy;
			containerPortal = 094505F52D6A94C3000DCAB7 /* Project object */;
			proxyType = 1;
			remoteGlobalIDString = 094505FC2D6A94C3000DCAB7;
			remoteInfo = "anemll-chatbot";
		};
		094506172D6A94C5000DCAB7 /* PBXContainerItemProxy */ = {
			isa = PBXContainerItemProxy;
			containerPortal = 094505F52D6A94C3000DCAB7 /* Project object */;
			proxyType = 1;
			remoteGlobalIDString = 094505FC2D6A94C3000DCAB7;
			remoteInfo = "anemll-chatbot";
		};
/* End PBXContainerItemProxy section */

/* Begin PBXFileReference section */
		094505FD2D6A94C3000DCAB7 /* anemll-chatbot.app */ = {isa = PBXFileReference; explicitFileType = wrapper.application; includeInIndex = 0; path = "anemll-chatbot.app"; sourceTree = BUILT_PRODUCTS_DIR; };
		0945060C2D6A94C5000DCAB7 /* anemll-chatbotTests.xctest */ = {isa = PBXFileReference; explicitFileType = wrapper.cfbundle; includeInIndex = 0; path = "anemll-chatbotTests.xctest"; sourceTree = BUILT_PRODUCTS_DIR; };
		094506162D6A94C5000DCAB7 /* anemll-chatbotUITests.xctest */ = {isa = PBXFileReference; explicitFileType = wrapper.cfbundle; includeInIndex = 0; path = "anemll-chatbotUITests.xctest"; sourceTree = BUILT_PRODUCTS_DIR; };
		0961E5C72D6D72BC00DF1803 /* anemll-chatbot copy-Info.plist */ = {isa = PBXFileReference; lastKnownFileType = text.plist.xml; path = "anemll-chatbot copy-Info.plist"; sourceTree = "<group>"; };
		0961E5D32D6D730500DF1803 /* anemll-chatbox macOS.app */ = {isa = PBXFileReference; explicitFileType = wrapper.application; includeInIndex = 0; path = "anemll-chatbox macOS.app"; sourceTree = BUILT_PRODUCTS_DIR; };
/* End PBXFileReference section */

/* Begin PBXFileSystemSynchronizedBuildFileExceptionSet section */
		0961E5D42D6D730500DF1803 /* Exceptions for "anemll-chatbot" folder in "anemll-chatbox macOS" target */ = {
			isa = PBXFileSystemSynchronizedBuildFileExceptionSet;
			membershipExceptions = (
				anemll_chatbotApp.swift,
				Assets.xcassets,
				ContentView.swift,
				Info.plist,
				Models/Acknowledgments.swift,
				Models/Chat.swift,
				Models/Message.swift,
				Models/Model.swift,
				Services/ChatService.swift,
				Services/InferenceService.swift,
				Services/ModelService.swift,
				Views/AboutView.swift,
				Views/AcknowledgmentsView.swift,
				Views/ChatView.swift,
				Views/HomeView.swift,
				Views/ModelManagementView.swift,
			);
			target = 0961E5CA2D6D730500DF1803 /* anemll-chatbox macOS */;
		};
		096646A82D6D6C9000662BAD /* Exceptions for "anemll-chatbot" folder in "anemll-chatbot" target */ = {
			isa = PBXFileSystemSynchronizedBuildFileExceptionSet;
			membershipExceptions = (
				Info.plist,
			);
			target = 094505FC2D6A94C3000DCAB7 /* anemll-chatbot */;
		};
/* End PBXFileSystemSynchronizedBuildFileExceptionSet section */

/* Begin PBXFileSystemSynchronizedRootGroup section */
		094505FF2D6A94C3000DCAB7 /* anemll-chatbot */ = {
			isa = PBXFileSystemSynchronizedRootGroup;
			exceptions = (
				096646A82D6D6C9000662BAD /* Exceptions for "anemll-chatbot" folder in "anemll-chatbot" target */,
				0961E5D42D6D730500DF1803 /* Exceptions for "anemll-chatbot" folder in "anemll-chatbox macOS" target */,
			);
			path = "anemll-chatbot";
			sourceTree = "<group>";
		};
		0945060F2D6A94C5000DCAB7 /* anemll-chatbotTests */ = {
			isa = PBXFileSystemSynchronizedRootGroup;
			path = "anemll-chatbotTests";
			sourceTree = "<group>";
		};
		094506192D6A94C5000DCAB7 /* anemll-chatbotUITests */ = {
			isa = PBXFileSystemSynchronizedRootGroup;
			path = "anemll-chatbotUITests";
			sourceTree = "<group>";
		};
/* End PBXFileSystemSynchronizedRootGroup section */

/* Begin PBXFrameworksBuildPhase section */
		094505FA2D6A94C3000DCAB7 /* Frameworks */ = {
			isa = PBXFrameworksBuildPhase;
			buildActionMask = 2147483647;
			files = (
				092A45022D89C04600A9221F /* AnemllCore in Frameworks */,
				09EA69E12D6D809B00BFC06A /* AnemllCore in Frameworks */,
				094506402D6A9A82000DCAB7 /* AnemllCore in Frameworks */,
				092A44FF2D89C00C00A9221F /* AnemllCore in Frameworks */,
			);
			runOnlyForDeploymentPostprocessing = 0;
		};
		094506092D6A94C5000DCAB7 /* Frameworks */ = {
			isa = PBXFrameworksBuildPhase;
			buildActionMask = 2147483647;
			files = (
			);
			runOnlyForDeploymentPostprocessing = 0;
		};
		094506132D6A94C5000DCAB7 /* Frameworks */ = {
			isa = PBXFrameworksBuildPhase;
			buildActionMask = 2147483647;
			files = (
			);
			runOnlyForDeploymentPostprocessing = 0;
		};
		0961E5CD2D6D730500DF1803 /* Frameworks */ = {
			isa = PBXFrameworksBuildPhase;
			buildActionMask = 2147483647;
			files = (
				0961E5CE2D6D730500DF1803 /* AnemllCore in Frameworks */,
				09EA6A272D6D98C900BFC06A /* ZIPFoundation in Frameworks */,
			);
			runOnlyForDeploymentPostprocessing = 0;
		};
/* End PBXFrameworksBuildPhase section */

/* Begin PBXGroup section */
		094505F42D6A94C3000DCAB7 = {
			isa = PBXGroup;
			children = (
				094505FF2D6A94C3000DCAB7 /* anemll-chatbot */,
				0945060F2D6A94C5000DCAB7 /* anemll-chatbotTests */,
				094506192D6A94C5000DCAB7 /* anemll-chatbotUITests */,
				0961E5C72D6D72BC00DF1803 /* anemll-chatbot copy-Info.plist */,
				094505FE2D6A94C3000DCAB7 /* Products */,
			);
			sourceTree = "<group>";
		};
		094505FE2D6A94C3000DCAB7 /* Products */ = {
			isa = PBXGroup;
			children = (
				094505FD2D6A94C3000DCAB7 /* anemll-chatbot.app */,
				0945060C2D6A94C5000DCAB7 /* anemll-chatbotTests.xctest */,
				094506162D6A94C5000DCAB7 /* anemll-chatbotUITests.xctest */,
				0961E5D32D6D730500DF1803 /* anemll-chatbox macOS.app */,
			);
			name = Products;
			sourceTree = "<group>";
		};
/* End PBXGroup section */

/* Begin PBXNativeTarget section */
		094505FC2D6A94C3000DCAB7 /* anemll-chatbot */ = {
			isa = PBXNativeTarget;
			buildConfigurationList = 094506202D6A94C5000DCAB7 /* Build configuration list for PBXNativeTarget "anemll-chatbot" */;
			buildPhases = (
				094505F92D6A94C3000DCAB7 /* Sources */,
				094505FA2D6A94C3000DCAB7 /* Frameworks */,
				094505FB2D6A94C3000DCAB7 /* Resources */,
			);
			buildRules = (
			);
			dependencies = (
			);
			fileSystemSynchronizedGroups = (
				094505FF2D6A94C3000DCAB7 /* anemll-chatbot */,
			);
			name = "anemll-chatbot";
			packageProductDependencies = (
				0945063F2D6A9A82000DCAB7 /* AnemllCore */,
				09EA69E02D6D809B00BFC06A /* AnemllCore */,
				092A44FE2D89C00C00A9221F /* AnemllCore */,
				092A45012D89C04600A9221F /* AnemllCore */,
			);
			productName = "anemll-chatbot";
			productReference = 094505FD2D6A94C3000DCAB7 /* anemll-chatbot.app */;
			productType = "com.apple.product-type.application";
		};
		0945060B2D6A94C5000DCAB7 /* anemll-chatbotTests */ = {
			isa = PBXNativeTarget;
			buildConfigurationList = 094506232D6A94C5000DCAB7 /* Build configuration list for PBXNativeTarget "anemll-chatbotTests" */;
			buildPhases = (
				094506082D6A94C5000DCAB7 /* Sources */,
				094506092D6A94C5000DCAB7 /* Frameworks */,
				0945060A2D6A94C5000DCAB7 /* Resources */,
			);
			buildRules = (
			);
			dependencies = (
				0945060E2D6A94C5000DCAB7 /* PBXTargetDependency */,
			);
			fileSystemSynchronizedGroups = (
				0945060F2D6A94C5000DCAB7 /* anemll-chatbotTests */,
			);
			name = "anemll-chatbotTests";
			packageProductDependencies = (
			);
			productName = "anemll-chatbotTests";
			productReference = 0945060C2D6A94C5000DCAB7 /* anemll-chatbotTests.xctest */;
			productType = "com.apple.product-type.bundle.unit-test";
		};
		094506152D6A94C5000DCAB7 /* anemll-chatbotUITests */ = {
			isa = PBXNativeTarget;
			buildConfigurationList = 094506262D6A94C5000DCAB7 /* Build configuration list for PBXNativeTarget "anemll-chatbotUITests" */;
			buildPhases = (
				094506122D6A94C5000DCAB7 /* Sources */,
				094506132D6A94C5000DCAB7 /* Frameworks */,
				094506142D6A94C5000DCAB7 /* Resources */,
			);
			buildRules = (
			);
			dependencies = (
				094506182D6A94C5000DCAB7 /* PBXTargetDependency */,
			);
			fileSystemSynchronizedGroups = (
				094506192D6A94C5000DCAB7 /* anemll-chatbotUITests */,
			);
			name = "anemll-chatbotUITests";
			packageProductDependencies = (
			);
			productName = "anemll-chatbotUITests";
			productReference = 094506162D6A94C5000DCAB7 /* anemll-chatbotUITests.xctest */;
			productType = "com.apple.product-type.bundle.ui-testing";
		};
		0961E5CA2D6D730500DF1803 /* anemll-chatbox macOS */ = {
			isa = PBXNativeTarget;
			buildConfigurationList = 0961E5D02D6D730500DF1803 /* Build configuration list for PBXNativeTarget "anemll-chatbox macOS" */;
			buildPhases = (
				0961E5CC2D6D730500DF1803 /* Sources */,
				0961E5CD2D6D730500DF1803 /* Frameworks */,
				0961E5CF2D6D730500DF1803 /* Resources */,
			);
			buildRules = (
			);
			dependencies = (
			);
			fileSystemSynchronizedGroups = (
				094505FF2D6A94C3000DCAB7 /* anemll-chatbot */,
			);
			name = "anemll-chatbox macOS";
			packageProductDependencies = (
				0961E5CB2D6D730500DF1803 /* AnemllCore */,
				09EA6A262D6D98C900BFC06A /* ZIPFoundation */,
			);
			productName = "anemll-chatbot";
			productReference = 0961E5D32D6D730500DF1803 /* anemll-chatbox macOS.app */;
			productType = "com.apple.product-type.application";
		};
/* End PBXNativeTarget section */

/* Begin PBXProject section */
		094505F52D6A94C3000DCAB7 /* Project object */ = {
			isa = PBXProject;
			attributes = {
				BuildIndependentTargetsInParallel = 1;
				LastSwiftUpdateCheck = 1630;
				LastUpgradeCheck = 1630;
				TargetAttributes = {
					094505FC2D6A94C3000DCAB7 = {
						CreatedOnToolsVersion = 16.3;
					};
					0945060B2D6A94C5000DCAB7 = {
						CreatedOnToolsVersion = 16.3;
						TestTargetID = 094505FC2D6A94C3000DCAB7;
					};
					094506152D6A94C5000DCAB7 = {
						CreatedOnToolsVersion = 16.3;
						TestTargetID = 094505FC2D6A94C3000DCAB7;
					};
				};
			};
			buildConfigurationList = 094505F82D6A94C3000DCAB7 /* Build configuration list for PBXProject "anemll-chatbot" */;
			developmentRegion = en;
			hasScannedForEncodings = 0;
			knownRegions = (
				en,
				Base,
			);
			mainGroup = 094505F42D6A94C3000DCAB7;
			minimizedProjectReferenceProxies = 1;
			packageReferences = (
				09EA6A252D6D98C900BFC06A /* XCRemoteSwiftPackageReference "ZIPFoundation" */,
				092A45002D89C04600A9221F /* XCLocalSwiftPackageReference "../anemll-swift-cli" */,
			);
			preferredProjectObjectVersion = 77;
			productRefGroup = 094505FE2D6A94C3000DCAB7 /* Products */;
			projectDirPath = "";
			projectRoot = "";
			targets = (
				094505FC2D6A94C3000DCAB7 /* anemll-chatbot */,
				0961E5CA2D6D730500DF1803 /* anemll-chatbox macOS */,
				0945060B2D6A94C5000DCAB7 /* anemll-chatbotTests */,
				094506152D6A94C5000DCAB7 /* anemll-chatbotUITests */,
			);
		};
/* End PBXProject section */

/* Begin PBXResourcesBuildPhase section */
		094505FB2D6A94C3000DCAB7 /* Resources */ = {
			isa = PBXResourcesBuildPhase;
			buildActionMask = 2147483647;
			files = (
			);
			runOnlyForDeploymentPostprocessing = 0;
		};
		0945060A2D6A94C5000DCAB7 /* Resources */ = {
			isa = PBXResourcesBuildPhase;
			buildActionMask = 2147483647;
			files = (
			);
			runOnlyForDeploymentPostprocessing = 0;
		};
		094506142D6A94C5000DCAB7 /* Resources */ = {
			isa = PBXResourcesBuildPhase;
			buildActionMask = 2147483647;
			files = (
			);
			runOnlyForDeploymentPostprocessing = 0;
		};
		0961E5CF2D6D730500DF1803 /* Resources */ = {
			isa = PBXResourcesBuildPhase;
			buildActionMask = 2147483647;
			files = (
			);
			runOnlyForDeploymentPostprocessing = 0;
		};
/* End PBXResourcesBuildPhase section */

/* Begin PBXSourcesBuildPhase section */
		094505F92D6A94C3000DCAB7 /* Sources */ = {
			isa = PBXSourcesBuildPhase;
			buildActionMask = 2147483647;
			files = (
			);
			runOnlyForDeploymentPostprocessing = 0;
		};
		094506082D6A94C5000DCAB7 /* Sources */ = {
			isa = PBXSourcesBuildPhase;
			buildActionMask = 2147483647;
			files = (
			);
			runOnlyForDeploymentPostprocessing = 0;
		};
		094506122D6A94C5000DCAB7 /* Sources */ = {
			isa = PBXSourcesBuildPhase;
			buildActionMask = 2147483647;
			files = (
			);
			runOnlyForDeploymentPostprocessing = 0;
		};
		0961E5CC2D6D730500DF1803 /* Sources */ = {
			isa = PBXSourcesBuildPhase;
			buildActionMask = 2147483647;
			files = (
			);
			runOnlyForDeploymentPostprocessing = 0;
		};
/* End PBXSourcesBuildPhase section */

/* Begin PBXTargetDependency section */
		0945060E2D6A94C5000DCAB7 /* PBXTargetDependency */ = {
			isa = PBXTargetDependency;
			target = 094505FC2D6A94C3000DCAB7 /* anemll-chatbot */;
			targetProxy = 0945060D2D6A94C5000DCAB7 /* PBXContainerItemProxy */;
		};
		094506182D6A94C5000DCAB7 /* PBXTargetDependency */ = {
			isa = PBXTargetDependency;
			target = 094505FC2D6A94C3000DCAB7 /* anemll-chatbot */;
			targetProxy = 094506172D6A94C5000DCAB7 /* PBXContainerItemProxy */;
		};
/* End PBXTargetDependency section */

/* Begin XCBuildConfiguration section */
		0945061E2D6A94C5000DCAB7 /* Debug */ = {
			isa = XCBuildConfiguration;
			buildSettings = {
				ALWAYS_SEARCH_USER_PATHS = NO;
				ASSETCATALOG_COMPILER_GENERATE_SWIFT_ASSET_SYMBOL_EXTENSIONS = YES;
				CLANG_ANALYZER_NONNULL = YES;
				CLANG_ANALYZER_NUMBER_OBJECT_CONVERSION = YES_AGGRESSIVE;
				CLANG_CXX_LANGUAGE_STANDARD = "gnu++20";
				CLANG_ENABLE_MODULES = YES;
				CLANG_ENABLE_OBJC_ARC = YES;
				CLANG_ENABLE_OBJC_WEAK = YES;
				CLANG_WARN_BLOCK_CAPTURE_AUTORELEASING = YES;
				CLANG_WARN_BOOL_CONVERSION = YES;
				CLANG_WARN_COMMA = YES;
				CLANG_WARN_CONSTANT_CONVERSION = YES;
				CLANG_WARN_DEPRECATED_OBJC_IMPLEMENTATIONS = YES;
				CLANG_WARN_DIRECT_OBJC_ISA_USAGE = YES_ERROR;
				CLANG_WARN_DOCUMENTATION_COMMENTS = YES;
				CLANG_WARN_EMPTY_BODY = YES;
				CLANG_WARN_ENUM_CONVERSION = YES;
				CLANG_WARN_INFINITE_RECURSION = YES;
				CLANG_WARN_INT_CONVERSION = YES;
				CLANG_WARN_NON_LITERAL_NULL_CONVERSION = YES;
				CLANG_WARN_OBJC_IMPLICIT_RETAIN_SELF = YES;
				CLANG_WARN_OBJC_LITERAL_CONVERSION = YES;
				CLANG_WARN_OBJC_ROOT_CLASS = YES_ERROR;
				CLANG_WARN_QUOTED_INCLUDE_IN_FRAMEWORK_HEADER = YES;
				CLANG_WARN_RANGE_LOOP_ANALYSIS = YES;
				CLANG_WARN_STRICT_PROTOTYPES = YES;
				CLANG_WARN_SUSPICIOUS_MOVE = YES;
				CLANG_WARN_UNGUARDED_AVAILABILITY = YES_AGGRESSIVE;
				CLANG_WARN_UNREACHABLE_CODE = YES;
				CLANG_WARN__DUPLICATE_METHOD_MATCH = YES;
				COPY_PHASE_STRIP = NO;
				DEBUG_INFORMATION_FORMAT = dwarf;
				DEVELOPMENT_TEAM = R45C393SGM;
				ENABLE_STRICT_OBJC_MSGSEND = YES;
				ENABLE_TESTABILITY = YES;
				ENABLE_USER_SCRIPT_SANDBOXING = YES;
				GCC_C_LANGUAGE_STANDARD = gnu17;
				GCC_DYNAMIC_NO_PIC = NO;
				GCC_NO_COMMON_BLOCKS = YES;
				GCC_OPTIMIZATION_LEVEL = 0;
				GCC_PREPROCESSOR_DEFINITIONS = (
					"DEBUG=1",
					"$(inherited)",
				);
				GCC_WARN_64_TO_32_BIT_CONVERSION = YES;
				GCC_WARN_ABOUT_RETURN_TYPE = YES_ERROR;
				GCC_WARN_UNDECLARED_SELECTOR = YES;
				GCC_WARN_UNINITIALIZED_AUTOS = YES_AGGRESSIVE;
				GCC_WARN_UNUSED_FUNCTION = YES;
				GCC_WARN_UNUSED_VARIABLE = YES;
				IPHONEOS_DEPLOYMENT_TARGET = 18.4;
				LOCALIZATION_PREFERS_STRING_CATALOGS = YES;
				MTL_ENABLE_DEBUG_INFO = INCLUDE_SOURCE;
				MTL_FAST_MATH = YES;
				ONLY_ACTIVE_ARCH = YES;
				SDKROOT = iphoneos;
				SWIFT_ACTIVE_COMPILATION_CONDITIONS = "DEBUG $(inherited)";
				SWIFT_OPTIMIZATION_LEVEL = "-Onone";
			};
			name = Debug;
		};
		0945061F2D6A94C5000DCAB7 /* Release */ = {
			isa = XCBuildConfiguration;
			buildSettings = {
				ALWAYS_SEARCH_USER_PATHS = NO;
				ASSETCATALOG_COMPILER_GENERATE_SWIFT_ASSET_SYMBOL_EXTENSIONS = YES;
				CLANG_ANALYZER_NONNULL = YES;
				CLANG_ANALYZER_NUMBER_OBJECT_CONVERSION = YES_AGGRESSIVE;
				CLANG_CXX_LANGUAGE_STANDARD = "gnu++20";
				CLANG_ENABLE_MODULES = YES;
				CLANG_ENABLE_OBJC_ARC = YES;
				CLANG_ENABLE_OBJC_WEAK = YES;
				CLANG_WARN_BLOCK_CAPTURE_AUTORELEASING = YES;
				CLANG_WARN_BOOL_CONVERSION = YES;
				CLANG_WARN_COMMA = YES;
				CLANG_WARN_CONSTANT_CONVERSION = YES;
				CLANG_WARN_DEPRECATED_OBJC_IMPLEMENTATIONS = YES;
				CLANG_WARN_DIRECT_OBJC_ISA_USAGE = YES_ERROR;
				CLANG_WARN_DOCUMENTATION_COMMENTS = YES;
				CLANG_WARN_EMPTY_BODY = YES;
				CLANG_WARN_ENUM_CONVERSION = YES;
				CLANG_WARN_INFINITE_RECURSION = YES;
				CLANG_WARN_INT_CONVERSION = YES;
				CLANG_WARN_NON_LITERAL_NULL_CONVERSION = YES;
				CLANG_WARN_OBJC_IMPLICIT_RETAIN_SELF = YES;
				CLANG_WARN_OBJC_LITERAL_CONVERSION = YES;
				CLANG_WARN_OBJC_ROOT_CLASS = YES_ERROR;
				CLANG_WARN_QUOTED_INCLUDE_IN_FRAMEWORK_HEADER = YES;
				CLANG_WARN_RANGE_LOOP_ANALYSIS = YES;
				CLANG_WARN_STRICT_PROTOTYPES = YES;
				CLANG_WARN_SUSPICIOUS_MOVE = YES;
				CLANG_WARN_UNGUARDED_AVAILABILITY = YES_AGGRESSIVE;
				CLANG_WARN_UNREACHABLE_CODE = YES;
				CLANG_WARN__DUPLICATE_METHOD_MATCH = YES;
				COPY_PHASE_STRIP = NO;
				DEBUG_INFORMATION_FORMAT = "dwarf-with-dsym";
				DEVELOPMENT_TEAM = R45C393SGM;
				ENABLE_NS_ASSERTIONS = NO;
				ENABLE_STRICT_OBJC_MSGSEND = YES;
				ENABLE_USER_SCRIPT_SANDBOXING = YES;
				GCC_C_LANGUAGE_STANDARD = gnu17;
				GCC_NO_COMMON_BLOCKS = YES;
				GCC_WARN_64_TO_32_BIT_CONVERSION = YES;
				GCC_WARN_ABOUT_RETURN_TYPE = YES_ERROR;
				GCC_WARN_UNDECLARED_SELECTOR = YES;
				GCC_WARN_UNINITIALIZED_AUTOS = YES_AGGRESSIVE;
				GCC_WARN_UNUSED_FUNCTION = YES;
				GCC_WARN_UNUSED_VARIABLE = YES;
				IPHONEOS_DEPLOYMENT_TARGET = 18.4;
				LOCALIZATION_PREFERS_STRING_CATALOGS = YES;
				MTL_ENABLE_DEBUG_INFO = NO;
				MTL_FAST_MATH = YES;
				SDKROOT = iphoneos;
				SWIFT_COMPILATION_MODE = wholemodule;
				VALIDATE_PRODUCT = YES;
			};
			name = Release;
		};
		094506212D6A94C5000DCAB7 /* Debug */ = {
			isa = XCBuildConfiguration;
			buildSettings = {
				ARCHS = "$(ARCHS_STANDARD)";
				ASSETCATALOG_COMPILER_APPICON_NAME = AppIcon;
				ASSETCATALOG_COMPILER_GLOBAL_ACCENT_COLOR_NAME = AccentColor;
				CODE_SIGN_ENTITLEMENTS = "anemll-chatbot/anemll-chatbot.entitlements";
				CODE_SIGN_IDENTITY = "Apple Development";
				CODE_SIGN_STYLE = Automatic;
				CURRENT_PROJECT_VERSION = 5;
				DEVELOPMENT_TEAM = ARRY5366Y3;
				ENABLE_PREVIEWS = YES;
				GENERATE_INFOPLIST_FILE = YES;
				INFOPLIST_FILE = "anemll-chatbot/Info.plist";
				INFOPLIST_KEY_LSApplicationCategoryType = "public.app-category.utilities";
				INFOPLIST_KEY_LSSupportsOpeningDocumentsInPlace = YES;
				INFOPLIST_KEY_NSHumanReadableCopyright = "(C) 2025 Anemll LLC";
				INFOPLIST_KEY_UIApplicationSceneManifest_Generation = YES;
				INFOPLIST_KEY_UIApplicationSupportsIndirectInputEvents = YES;
				INFOPLIST_KEY_UILaunchScreen_Generation = YES;
				INFOPLIST_KEY_UISupportedInterfaceOrientations_iPad = "UIInterfaceOrientationPortrait UIInterfaceOrientationPortraitUpsideDown UIInterfaceOrientationLandscapeLeft UIInterfaceOrientationLandscapeRight";
				INFOPLIST_KEY_UISupportedInterfaceOrientations_iPhone = "UIInterfaceOrientationPortrait UIInterfaceOrientationLandscapeLeft UIInterfaceOrientationLandscapeRight";
				INFOPLIST_KEY_UISupportsDocumentBrowser = YES;
				IPHONEOS_DEPLOYMENT_TARGET = 18.0;
				LD_RUNPATH_SEARCH_PATHS = (
					"$(inherited)",
					"@executable_path/Frameworks",
				);
				MARKETING_VERSION = 0.3.6;
				PRODUCT_BUNDLE_IDENTIFIER = "anemll.anemll-chat.demo";
				PRODUCT_NAME = "$(TARGET_NAME)";
				PROVISIONING_PROFILE_SPECIFIER = "";
				SUPPORTED_PLATFORMS = "iphoneos iphonesimulator";
				SUPPORTS_MACCATALYST = YES;
				SWIFT_EMIT_LOC_STRINGS = YES;
				SWIFT_VERSION = 5.0;
				TARGETED_DEVICE_FAMILY = "1,2";
			};
			name = Debug;
		};
		094506222D6A94C5000DCAB7 /* Release */ = {
			isa = XCBuildConfiguration;
			buildSettings = {
				ARCHS = "$(ARCHS_STANDARD)";
				ASSETCATALOG_COMPILER_APPICON_NAME = AppIcon;
				ASSETCATALOG_COMPILER_GLOBAL_ACCENT_COLOR_NAME = AccentColor;
				CODE_SIGN_ENTITLEMENTS = "anemll-chatbot/anemll-chatbot.entitlements";
				CODE_SIGN_IDENTITY = "Apple Development";
				CODE_SIGN_STYLE = Automatic;
				CURRENT_PROJECT_VERSION = 5;
				DEVELOPMENT_TEAM = ARRY5366Y3;
				ENABLE_PREVIEWS = YES;
				GENERATE_INFOPLIST_FILE = YES;
				INFOPLIST_FILE = "anemll-chatbot/Info.plist";
				INFOPLIST_KEY_LSApplicationCategoryType = "public.app-category.utilities";
				INFOPLIST_KEY_LSSupportsOpeningDocumentsInPlace = YES;
				INFOPLIST_KEY_NSHumanReadableCopyright = "(C) 2025 Anemll LLC";
				INFOPLIST_KEY_UIApplicationSceneManifest_Generation = YES;
				INFOPLIST_KEY_UIApplicationSupportsIndirectInputEvents = YES;
				INFOPLIST_KEY_UILaunchScreen_Generation = YES;
				INFOPLIST_KEY_UISupportedInterfaceOrientations_iPad = "UIInterfaceOrientationPortrait UIInterfaceOrientationPortraitUpsideDown UIInterfaceOrientationLandscapeLeft UIInterfaceOrientationLandscapeRight";
				INFOPLIST_KEY_UISupportedInterfaceOrientations_iPhone = "UIInterfaceOrientationPortrait UIInterfaceOrientationLandscapeLeft UIInterfaceOrientationLandscapeRight";
				INFOPLIST_KEY_UISupportsDocumentBrowser = YES;
				IPHONEOS_DEPLOYMENT_TARGET = 18.0;
				LD_RUNPATH_SEARCH_PATHS = (
					"$(inherited)",
					"@executable_path/Frameworks",
				);
				MARKETING_VERSION = 0.3.6;
				PRODUCT_BUNDLE_IDENTIFIER = "anemll.anemll-chat.demo";
				PRODUCT_NAME = "$(TARGET_NAME)";
				PROVISIONING_PROFILE_SPECIFIER = "";
				SUPPORTED_PLATFORMS = "iphoneos iphonesimulator";
				SUPPORTS_MACCATALYST = YES;
				SWIFT_EMIT_LOC_STRINGS = YES;
				SWIFT_VERSION = 5.0;
				TARGETED_DEVICE_FAMILY = "1,2";
			};
			name = Release;
		};
		094506242D6A94C5000DCAB7 /* Debug */ = {
			isa = XCBuildConfiguration;
			buildSettings = {
				BUNDLE_LOADER = "$(TEST_HOST)";
				CODE_SIGN_STYLE = Automatic;
				CURRENT_PROJECT_VERSION = 1;
				DEVELOPMENT_TEAM = TQQH8VZ67M;
				GENERATE_INFOPLIST_FILE = YES;
				IPHONEOS_DEPLOYMENT_TARGET = 18.4;
				MARKETING_VERSION = 1.0;
				PRODUCT_BUNDLE_IDENTIFIER = "anemll.anemll-chat.Tests";
				PRODUCT_NAME = "$(TARGET_NAME)";
				SWIFT_EMIT_LOC_STRINGS = NO;
				SWIFT_VERSION = 5.0;
				TARGETED_DEVICE_FAMILY = "1,2";
				TEST_HOST = "$(BUILT_PRODUCTS_DIR)/anemll-chatbot.app/$(BUNDLE_EXECUTABLE_FOLDER_PATH)/anemll-chatbot";
			};
			name = Debug;
		};
		094506252D6A94C5000DCAB7 /* Release */ = {
			isa = XCBuildConfiguration;
			buildSettings = {
				BUNDLE_LOADER = "$(TEST_HOST)";
				CODE_SIGN_STYLE = Automatic;
				CURRENT_PROJECT_VERSION = 1;
				DEVELOPMENT_TEAM = TQQH8VZ67M;
				GENERATE_INFOPLIST_FILE = YES;
				IPHONEOS_DEPLOYMENT_TARGET = 18.4;
				MARKETING_VERSION = 1.0;
				PRODUCT_BUNDLE_IDENTIFIER = "anemll.anemll-chat.Tests";
				PRODUCT_NAME = "$(TARGET_NAME)";
				SWIFT_EMIT_LOC_STRINGS = NO;
				SWIFT_VERSION = 5.0;
				TARGETED_DEVICE_FAMILY = "1,2";
				TEST_HOST = "$(BUILT_PRODUCTS_DIR)/anemll-chatbot.app/$(BUNDLE_EXECUTABLE_FOLDER_PATH)/anemll-chatbot";
			};
			name = Release;
		};
		094506272D6A94C5000DCAB7 /* Debug */ = {
			isa = XCBuildConfiguration;
			buildSettings = {
				CODE_SIGN_STYLE = Automatic;
				CURRENT_PROJECT_VERSION = 1;
				DEVELOPMENT_TEAM = TQQH8VZ67M;
				GENERATE_INFOPLIST_FILE = YES;
				MARKETING_VERSION = 1.0;
				PRODUCT_BUNDLE_IDENTIFIER = "anemll.anemll-chatbot.UITests";
				PRODUCT_NAME = "$(TARGET_NAME)";
				SWIFT_EMIT_LOC_STRINGS = NO;
				SWIFT_VERSION = 5.0;
				TARGETED_DEVICE_FAMILY = "1,2";
				TEST_TARGET_NAME = "anemll-chatbot";
			};
			name = Debug;
		};
		094506282D6A94C5000DCAB7 /* Release */ = {
			isa = XCBuildConfiguration;
			buildSettings = {
				CODE_SIGN_STYLE = Automatic;
				CURRENT_PROJECT_VERSION = 1;
				DEVELOPMENT_TEAM = TQQH8VZ67M;
				GENERATE_INFOPLIST_FILE = YES;
				MARKETING_VERSION = 1.0;
				PRODUCT_BUNDLE_IDENTIFIER = "anemll.anemll-chatbot.UITests";
				PRODUCT_NAME = "$(TARGET_NAME)";
				SWIFT_EMIT_LOC_STRINGS = NO;
				SWIFT_VERSION = 5.0;
				TARGETED_DEVICE_FAMILY = "1,2";
				TEST_TARGET_NAME = "anemll-chatbot";
			};
			name = Release;
		};
		0961E5D12D6D730500DF1803 /* Debug */ = {
			isa = XCBuildConfiguration;
			buildSettings = {
				ASSETCATALOG_COMPILER_APPICON_NAME = AppIcon;
				ASSETCATALOG_COMPILER_GLOBAL_ACCENT_COLOR_NAME = AccentColor;
				CODE_SIGN_ENTITLEMENTS = "anemll-chatbot/anemll-chatbot.entitlements";
				CODE_SIGN_STYLE = Automatic;
				CURRENT_PROJECT_VERSION = 1;
				DEVELOPMENT_TEAM = ARRY5366Y3;
				ENABLE_PREVIEWS = YES;
				GENERATE_INFOPLIST_FILE = YES;
				INFOPLIST_FILE = "anemll-chatbot copy2-Info.plist";
				INFOPLIST_KEY_LSApplicationCategoryType = "public.app-category.utilities";
				INFOPLIST_KEY_LSSupportsOpeningDocumentsInPlace = YES;
				INFOPLIST_KEY_UIApplicationSceneManifest_Generation = YES;
				INFOPLIST_KEY_UIApplicationSupportsIndirectInputEvents = YES;
				INFOPLIST_KEY_UILaunchScreen_Generation = YES;
				INFOPLIST_KEY_UISupportedInterfaceOrientations_iPad = "UIInterfaceOrientationPortrait UIInterfaceOrientationPortraitUpsideDown UIInterfaceOrientationLandscapeLeft UIInterfaceOrientationLandscapeRight";
				INFOPLIST_KEY_UISupportedInterfaceOrientations_iPhone = "UIInterfaceOrientationPortrait UIInterfaceOrientationLandscapeLeft UIInterfaceOrientationLandscapeRight";
				IPHONEOS_DEPLOYMENT_TARGET = 18.0;
				LD_RUNPATH_SEARCH_PATHS = (
					"$(inherited)",
					"@executable_path/Frameworks",
				);
				MARKETING_VERSION = 0.3.0;
				PRODUCT_BUNDLE_IDENTIFIER = "anemll.anemll-chat.demo";
				PRODUCT_NAME = "$(TARGET_NAME)";
				SUPPORTED_PLATFORMS = "iphoneos iphonesimulator";
				SUPPORTS_MACCATALYST = YES;
				SUPPORTS_MAC_DESIGNED_FOR_IPHONE_IPAD = NO;
				SUPPORTS_XR_DESIGNED_FOR_IPHONE_IPAD = NO;
				SWIFT_EMIT_LOC_STRINGS = YES;
				SWIFT_VERSION = 5.0;
			};
			name = Debug;
		};
		0961E5D22D6D730500DF1803 /* Release */ = {
			isa = XCBuildConfiguration;
			buildSettings = {
				ASSETCATALOG_COMPILER_APPICON_NAME = AppIcon;
				ASSETCATALOG_COMPILER_GLOBAL_ACCENT_COLOR_NAME = AccentColor;
				CODE_SIGN_ENTITLEMENTS = "anemll-chatbot/anemll-chatbot.entitlements";
				CODE_SIGN_STYLE = Automatic;
				CURRENT_PROJECT_VERSION = 1;
				DEVELOPMENT_TEAM = TQQH8VZ67M;
				ENABLE_PREVIEWS = YES;
				GENERATE_INFOPLIST_FILE = YES;
				INFOPLIST_FILE = "anemll-chatbot copy2-Info.plist";
				INFOPLIST_KEY_LSApplicationCategoryType = "public.app-category.utilities";
				INFOPLIST_KEY_LSSupportsOpeningDocumentsInPlace = YES;
				INFOPLIST_KEY_UIApplicationSceneManifest_Generation = YES;
				INFOPLIST_KEY_UIApplicationSupportsIndirectInputEvents = YES;
				INFOPLIST_KEY_UILaunchScreen_Generation = YES;
				INFOPLIST_KEY_UISupportedInterfaceOrientations_iPad = "UIInterfaceOrientationPortrait UIInterfaceOrientationPortraitUpsideDown UIInterfaceOrientationLandscapeLeft UIInterfaceOrientationLandscapeRight";
				INFOPLIST_KEY_UISupportedInterfaceOrientations_iPhone = "UIInterfaceOrientationPortrait UIInterfaceOrientationLandscapeLeft UIInterfaceOrientationLandscapeRight";
				IPHONEOS_DEPLOYMENT_TARGET = 18.0;
				LD_RUNPATH_SEARCH_PATHS = (
					"$(inherited)",
					"@executable_path/Frameworks",
				);
				MARKETING_VERSION = 0.3.0;
				PRODUCT_BUNDLE_IDENTIFIER = "anemll.anemll-chat.demo";
				PRODUCT_NAME = "$(TARGET_NAME)";
				SUPPORTED_PLATFORMS = "iphoneos iphonesimulator";
				SUPPORTS_MACCATALYST = YES;
				SUPPORTS_MAC_DESIGNED_FOR_IPHONE_IPAD = NO;
				SUPPORTS_XR_DESIGNED_FOR_IPHONE_IPAD = NO;
				SWIFT_EMIT_LOC_STRINGS = YES;
				SWIFT_VERSION = 5.0;
			};
			name = Release;
		};
/* End XCBuildConfiguration section */

/* Begin XCConfigurationList section */
		094505F82D6A94C3000DCAB7 /* Build configuration list for PBXProject "anemll-chatbot" */ = {
			isa = XCConfigurationList;
			buildConfigurations = (
				0945061E2D6A94C5000DCAB7 /* Debug */,
				0945061F2D6A94C5000DCAB7 /* Release */,
			);
			defaultConfigurationIsVisible = 0;
			defaultConfigurationName = Release;
		};
		094506202D6A94C5000DCAB7 /* Build configuration list for PBXNativeTarget "anemll-chatbot" */ = {
			isa = XCConfigurationList;
			buildConfigurations = (
				094506212D6A94C5000DCAB7 /* Debug */,
				094506222D6A94C5000DCAB7 /* Release */,
			);
			defaultConfigurationIsVisible = 0;
			defaultConfigurationName = Release;
		};
		094506232D6A94C5000DCAB7 /* Build configuration list for PBXNativeTarget "anemll-chatbotTests" */ = {
			isa = XCConfigurationList;
			buildConfigurations = (
				094506242D6A94C5000DCAB7 /* Debug */,
				094506252D6A94C5000DCAB7 /* Release */,
			);
			defaultConfigurationIsVisible = 0;
			defaultConfigurationName = Release;
		};
		094506262D6A94C5000DCAB7 /* Build configuration list for PBXNativeTarget "anemll-chatbotUITests" */ = {
			isa = XCConfigurationList;
			buildConfigurations = (
				094506272D6A94C5000DCAB7 /* Debug */,
				094506282D6A94C5000DCAB7 /* Release */,
			);
			defaultConfigurationIsVisible = 0;
			defaultConfigurationName = Release;
		};
		0961E5D02D6D730500DF1803 /* Build configuration list for PBXNativeTarget "anemll-chatbox macOS" */ = {
			isa = XCConfigurationList;
			buildConfigurations = (
				0961E5D12D6D730500DF1803 /* Debug */,
				0961E5D22D6D730500DF1803 /* Release */,
			);
			defaultConfigurationIsVisible = 0;
			defaultConfigurationName = Release;
		};
/* End XCConfigurationList section */

/* Begin XCLocalSwiftPackageReference section */
		092A45002D89C04600A9221F /* XCLocalSwiftPackageReference "../anemll-swift-cli" */ = {
			isa = XCLocalSwiftPackageReference;
			relativePath = "../anemll-swift-cli";
		};
/* End XCLocalSwiftPackageReference section */

/* Begin XCRemoteSwiftPackageReference section */
		09EA6A252D6D98C900BFC06A /* XCRemoteSwiftPackageReference "ZIPFoundation" */ = {
			isa = XCRemoteSwiftPackageReference;
			repositoryURL = "https://github.com/weichsel/ZIPFoundation";
			requirement = {
				kind = upToNextMajorVersion;
				minimumVersion = 0.9.19;
			};
		};
/* End XCRemoteSwiftPackageReference section */

/* Begin XCSwiftPackageProductDependency section */
		092A44FE2D89C00C00A9221F /* AnemllCore */ = {
			isa = XCSwiftPackageProductDependency;
			package = 09EA6A252D6D98C900BFC06A /* XCRemoteSwiftPackageReference "ZIPFoundation" */;
			productName = AnemllCore;
		};
		092A45012D89C04600A9221F /* AnemllCore */ = {
			isa = XCSwiftPackageProductDependency;
			productName = AnemllCore;
		};
		0945063F2D6A9A82000DCAB7 /* AnemllCore */ = {
			isa = XCSwiftPackageProductDependency;
			productName = AnemllCore;
		};
		0961E5CB2D6D730500DF1803 /* AnemllCore */ = {
			isa = XCSwiftPackageProductDependency;
			productName = AnemllCore;
		};
		09EA69E02D6D809B00BFC06A /* AnemllCore */ = {
			isa = XCSwiftPackageProductDependency;
			productName = AnemllCore;
		};
		09EA6A262D6D98C900BFC06A /* ZIPFoundation */ = {
			isa = XCSwiftPackageProductDependency;
			package = 09EA6A252D6D98C900BFC06A /* XCRemoteSwiftPackageReference "ZIPFoundation" */;
			productName = ZIPFoundation;
		};
/* End XCSwiftPackageProductDependency section */
	};
	rootObject = 094505F52D6A94C3000DCAB7 /* Project object */;
}
